
Microsoft Visual Studio Solution File, Format Version 12.00
# Visual Studio Version 17
VisualStudioVersion = 17.11.35327.3
MinimumVisualStudioVersion = 10.0.40219.1
Project("{FAE04EC0-301F-11D3-BF4B-00C04F79EFBC}") = "WebAppProva3", "WebAppProva3\WebAppProva3.csproj", "{B4F3CF28-ACE8-4BED-8F30-9C616E662DDB}"
EndProject
Global
	GlobalSection(SolutionConfigurationPlatforms) = preSolution
		Debug|Any CPU = Debug|Any CPU
		Release|Any CPU = Release|Any CPU
	EndGlobalSection
	GlobalSection(ProjectConfigurationPlatforms) = postSolution
		{B4F3CF28-ACE8-4BED-8F30-9C616E662DDB}.Debug|Any CPU.ActiveCfg = Debug|Any CPU
		{B4F3CF28-ACE8-4BED-8F30-9C616E662DDB}.Debug|Any CPU.Build.0 = Debug|Any CPU
		{B4F3CF28-ACE8-4BED-8F30-9C616E662DDB}.Release|Any CPU.ActiveCfg = Release|Any CPU
		{B4F3CF28-ACE8-4BED-8F30-9C616E662DDB}.Release|Any CPU.Build.0 = Release|Any CPU
	EndGlobalSection
	GlobalSection(SolutionProperties) = preSolution
		HideSolutionNode = FALSE
	EndGlobalSection
	GlobalSection(ExtensibilityGlobals) = postSolution
		SolutionGuid = {366BFEA5-6E1A-41F7-89B5-5A7FAD3F8B35}
	EndGlobalSection
EndGlobal
